// !$*UTF8*$!
{
	archiveVersion = 1;
	classes = {
	};
	objectVersion = 55;
	objects = {

/* Begin PBXBuildFile section */
		71518D08274E7C1000B2C467 /* Protocols.swift in Sources */ = {isa = PBXBuildFile; fileRef = 71518D07274E7C1000B2C467 /* Protocols.swift */; };
		717D3273273ABBFA006E880E /* hapticFile.swift in Sources */ = {isa = PBXBuildFile; fileRef = 717D3272273ABBFA006E880E /* hapticFile.swift */; };
		717D32A6273D1283006E880E /* Authentication.swift in Sources */ = {isa = PBXBuildFile; fileRef = 717D32A5273D1283006E880E /* Authentication.swift */; };
		71BE9E21274F802500A1ECA8 /* OnboardingResource.swift in Sources */ = {isa = PBXBuildFile; fileRef = 71BE9E20274F802500A1ECA8 /* OnboardingResource.swift */; };
		71BE9E24274F808B00A1ECA8 /* Registration.swift in Sources */ = {isa = PBXBuildFile; fileRef = 71BE9E23274F808B00A1ECA8 /* Registration.swift */; };
		71BE9E2C274F8B0700A1ECA8 /* RegistrationBuilder.swift in Sources */ = {isa = PBXBuildFile; fileRef = 71BE9E2B274F8B0700A1ECA8 /* RegistrationBuilder.swift */; };
		71BE9E2E274F91B100A1ECA8 /* DebugLogger.swift in Sources */ = {isa = PBXBuildFile; fileRef = 71BE9E2D274F91B100A1ECA8 /* DebugLogger.swift */; };
		71BE9E32274F9E7200A1ECA8 /* Alamofire.framework in Frameworks */ = {isa = PBXBuildFile; fileRef = 71BE9E30274F9E3900A1ECA8 /* Alamofire.framework */; platformFilter = ios; };
		71BE9E33274F9E7200A1ECA8 /* Alamofire.framework in Embed Frameworks */ = {isa = PBXBuildFile; fileRef = 71BE9E30274F9E3900A1ECA8 /* Alamofire.framework */; platformFilter = ios; settings = {ATTRIBUTES = (RemoveHeadersOnCopy, ); }; };
		71C27D74274D0D28003B9F02 /* AuthenticationResource.swift in Sources */ = {isa = PBXBuildFile; fileRef = 71C27D73274D0D28003B9F02 /* AuthenticationResource.swift */; };
		71C27D78274D2FAC003B9F02 /* ApiResource.swift in Sources */ = {isa = PBXBuildFile; fileRef = 71C27D77274D2FAC003B9F02 /* ApiResource.swift */; };
		71C27D7B274D3095003B9F02 /* StringExtension.swift in Sources */ = {isa = PBXBuildFile; fileRef = 71C27D7A274D3095003B9F02 /* StringExtension.swift */; };
		71C65061274E11B10036B3B4 /* SDKVariables.swift in Sources */ = {isa = PBXBuildFile; fileRef = 71C65060274E11B00036B3B4 /* SDKVariables.swift */; };
		71C65063274E1A420036B3B4 /* SDKConstants.swift in Sources */ = {isa = PBXBuildFile; fileRef = 71C65062274E1A420036B3B4 /* SDKConstants.swift */; };
		71C65065274E1A750036B3B4 /* URLConstants.swift in Sources */ = {isa = PBXBuildFile; fileRef = 71C65064274E1A750036B3B4 /* URLConstants.swift */; };
		71CBD914273A90BE00B4C175 /* ivy_sdk.docc in Sources */ = {isa = PBXBuildFile; fileRef = 71CBD913273A90BE00B4C175 /* ivy_sdk.docc */; };
		71CBD915273A90BE00B4C175 /* ivy_sdk.h in Headers */ = {isa = PBXBuildFile; fileRef = 71CBD912273A90BE00B4C175 /* ivy_sdk.h */; settings = {ATTRIBUTES = (Public, ); }; };
		97AE5B50B73A9CF6368F5E14 /* Pods_ivy_sdk.framework in Frameworks */ = {isa = PBXBuildFile; fileRef = 1385A0E2F31C604DD0BFB59A /* Pods_ivy_sdk.framework */; };
/* End PBXBuildFile section */

/* Begin PBXCopyFilesBuildPhase section */
		7113BE28274E5E3A0031D2E4 /* Embed Frameworks */ = {
			isa = PBXCopyFilesBuildPhase;
			buildActionMask = 2147483647;
			dstPath = "";
			dstSubfolderSpec = 10;
			files = (
				71BE9E33274F9E7200A1ECA8 /* Alamofire.framework in Embed Frameworks */,
			);
			name = "Embed Frameworks";
			runOnlyForDeploymentPostprocessing = 0;
		};
/* End PBXCopyFilesBuildPhase section */

/* Begin PBXFileReference section */
		1385A0E2F31C604DD0BFB59A /* Pods_ivy_sdk.framework */ = {isa = PBXFileReference; explicitFileType = wrapper.framework; includeInIndex = 0; path = Pods_ivy_sdk.framework; sourceTree = BUILT_PRODUCTS_DIR; };
		446CD8452E1BF8E012017169 /* Pods-ivy-sdk.debug.xcconfig */ = {isa = PBXFileReference; includeInIndex = 1; lastKnownFileType = text.xcconfig; name = "Pods-ivy-sdk.debug.xcconfig"; path = "Target Support Files/Pods-ivy-sdk/Pods-ivy-sdk.debug.xcconfig"; sourceTree = "<group>"; };
		71518D07274E7C1000B2C467 /* Protocols.swift */ = {isa = PBXFileReference; lastKnownFileType = sourcecode.swift; path = Protocols.swift; sourceTree = "<group>"; };
		717D3272273ABBFA006E880E /* hapticFile.swift */ = {isa = PBXFileReference; lastKnownFileType = sourcecode.swift; path = hapticFile.swift; sourceTree = "<group>"; };
		717D32A5273D1283006E880E /* Authentication.swift */ = {isa = PBXFileReference; lastKnownFileType = sourcecode.swift; path = Authentication.swift; sourceTree = "<group>"; };
		71BE9E20274F802500A1ECA8 /* OnboardingResource.swift */ = {isa = PBXFileReference; lastKnownFileType = sourcecode.swift; path = OnboardingResource.swift; sourceTree = "<group>"; };
		71BE9E23274F808B00A1ECA8 /* Registration.swift */ = {isa = PBXFileReference; lastKnownFileType = sourcecode.swift; path = Registration.swift; sourceTree = "<group>"; };
		71BE9E2B274F8B0700A1ECA8 /* RegistrationBuilder.swift */ = {isa = PBXFileReference; lastKnownFileType = sourcecode.swift; path = RegistrationBuilder.swift; sourceTree = "<group>"; };
		71BE9E2D274F91B100A1ECA8 /* DebugLogger.swift */ = {isa = PBXFileReference; lastKnownFileType = sourcecode.swift; path = DebugLogger.swift; sourceTree = "<group>"; };
		71BE9E30274F9E3900A1ECA8 /* Alamofire.framework */ = {isa = PBXFileReference; lastKnownFileType = wrapper.framework; path = Alamofire.framework; sourceTree = "<group>"; };
		71C27D73274D0D28003B9F02 /* AuthenticationResource.swift */ = {isa = PBXFileReference; lastKnownFileType = sourcecode.swift; path = AuthenticationResource.swift; sourceTree = "<group>"; };
		71C27D77274D2FAC003B9F02 /* ApiResource.swift */ = {isa = PBXFileReference; lastKnownFileType = sourcecode.swift; path = ApiResource.swift; sourceTree = "<group>"; };
		71C27D7A274D3095003B9F02 /* StringExtension.swift */ = {isa = PBXFileReference; lastKnownFileType = sourcecode.swift; path = StringExtension.swift; sourceTree = "<group>"; };
		71C65060274E11B00036B3B4 /* SDKVariables.swift */ = {isa = PBXFileReference; lastKnownFileType = sourcecode.swift; path = SDKVariables.swift; sourceTree = "<group>"; };
		71C65062274E1A420036B3B4 /* SDKConstants.swift */ = {isa = PBXFileReference; lastKnownFileType = sourcecode.swift; path = SDKConstants.swift; sourceTree = "<group>"; };
		71C65064274E1A750036B3B4 /* URLConstants.swift */ = {isa = PBXFileReference; lastKnownFileType = sourcecode.swift; path = URLConstants.swift; sourceTree = "<group>"; };
		71CBD90F273A90BE00B4C175 /* Plum.framework */ = {isa = PBXFileReference; explicitFileType = wrapper.framework; includeInIndex = 0; path = Plum.framework; sourceTree = BUILT_PRODUCTS_DIR; };
		71CBD912273A90BE00B4C175 /* ivy_sdk.h */ = {isa = PBXFileReference; lastKnownFileType = sourcecode.c.h; path = ivy_sdk.h; sourceTree = "<group>"; };
		71CBD913273A90BE00B4C175 /* ivy_sdk.docc */ = {isa = PBXFileReference; lastKnownFileType = folder.documentationcatalog; path = ivy_sdk.docc; sourceTree = "<group>"; };
		E83DE2D6FF2AE928D6617BCC /* Pods-ivy-sdk.release.xcconfig */ = {isa = PBXFileReference; includeInIndex = 1; lastKnownFileType = text.xcconfig; name = "Pods-ivy-sdk.release.xcconfig"; path = "Target Support Files/Pods-ivy-sdk/Pods-ivy-sdk.release.xcconfig"; sourceTree = "<group>"; };
/* End PBXFileReference section */

/* Begin PBXFrameworksBuildPhase section */
		71CBD90C273A90BE00B4C175 /* Frameworks */ = {
			isa = PBXFrameworksBuildPhase;
			buildActionMask = 2147483647;
			files = (
				97AE5B50B73A9CF6368F5E14 /* Pods_ivy_sdk.framework in Frameworks */,
				71BE9E32274F9E7200A1ECA8 /* Alamofire.framework in Frameworks */,
			);
			runOnlyForDeploymentPostprocessing = 0;
		};
/* End PBXFrameworksBuildPhase section */

/* Begin PBXGroup section */
		717D32A3273D1177006E880E /* Authentication */ = {
			isa = PBXGroup;
			children = (
				717D32A4273D1193006E880E /* Resource */,
				717D32A5273D1283006E880E /* Authentication.swift */,
			);
			path = Authentication;
			sourceTree = "<group>";
		};
		717D32A4273D1193006E880E /* Resource */ = {
			isa = PBXGroup;
			children = (
				71C27D73274D0D28003B9F02 /* AuthenticationResource.swift */,
			);
			path = Resource;
			sourceTree = "<group>";
		};
		71BE9E16274F800400A1ECA8 /* Onboarding */ = {
			isa = PBXGroup;
			children = (
				71BE9E22274F805B00A1ECA8 /* Model */,
				71BE9E1F274F800E00A1ECA8 /* Resources */,
			);
			path = Onboarding;
			sourceTree = "<group>";
		};
		71BE9E1F274F800E00A1ECA8 /* Resources */ = {
			isa = PBXGroup;
			children = (
				71BE9E20274F802500A1ECA8 /* OnboardingResource.swift */,
			);
			path = Resources;
			sourceTree = "<group>";
		};
		71BE9E22274F805B00A1ECA8 /* Model */ = {
			isa = PBXGroup;
			children = (
				71BE9E23274F808B00A1ECA8 /* Registration.swift */,
				71BE9E2B274F8B0700A1ECA8 /* RegistrationBuilder.swift */,
			);
			path = Model;
			sourceTree = "<group>";
		};
		71C27D75274D2F84003B9F02 /* Common */ = {
			isa = PBXGroup;
			children = (
				71C6505F274E11270036B3B4 /* Variables */,
				71C6505E274E111D0036B3B4 /* Constants */,
				71C27D79274D3055003B9F02 /* Extension */,
				71C27D76274D2F8D003B9F02 /* Network */,
			);
			path = Common;
			sourceTree = "<group>";
		};
		71C27D76274D2F8D003B9F02 /* Network */ = {
			isa = PBXGroup;
			children = (
				71C27D77274D2FAC003B9F02 /* ApiResource.swift */,
			);
			path = Network;
			sourceTree = "<group>";
		};
		71C27D79274D3055003B9F02 /* Extension */ = {
			isa = PBXGroup;
			children = (
				71C27D7A274D3095003B9F02 /* StringExtension.swift */,
				71BE9E2D274F91B100A1ECA8 /* DebugLogger.swift */,
			);
			path = Extension;
			sourceTree = "<group>";
		};
		71C6505E274E111D0036B3B4 /* Constants */ = {
			isa = PBXGroup;
			children = (
				71C65062274E1A420036B3B4 /* SDKConstants.swift */,
				71C65064274E1A750036B3B4 /* URLConstants.swift */,
			);
			path = Constants;
			sourceTree = "<group>";
		};
		71C6505F274E11270036B3B4 /* Variables */ = {
			isa = PBXGroup;
			children = (
				71C65060274E11B00036B3B4 /* SDKVariables.swift */,
			);
			path = Variables;
			sourceTree = "<group>";
		};
		71CBD905273A90BE00B4C175 = {
			isa = PBXGroup;
			children = (
				71BE9E30274F9E3900A1ECA8 /* Alamofire.framework */,
				71CBD911273A90BE00B4C175 /* ivy-sdk */,
				71CBD910273A90BE00B4C175 /* Products */,
				95C681CDCBB3BE42BDD4E8F0 /* Pods */,
				ECE8BBF93FBE00C4C18639F7 /* Frameworks */,
			);
			sourceTree = "<group>";
		};
		71CBD910273A90BE00B4C175 /* Products */ = {
			isa = PBXGroup;
			children = (
				71CBD90F273A90BE00B4C175 /* Plum.framework */,
			);
			name = Products;
			sourceTree = "<group>";
		};
		71CBD911273A90BE00B4C175 /* ivy-sdk */ = {
			isa = PBXGroup;
			children = (
				71CBD912273A90BE00B4C175 /* ivy_sdk.h */,
				717D3272273ABBFA006E880E /* hapticFile.swift */,
				71518D07274E7C1000B2C467 /* Protocols.swift */,
				717D32A3273D1177006E880E /* Authentication */,
				71BE9E16274F800400A1ECA8 /* Onboarding */,
				71C27D75274D2F84003B9F02 /* Common */,
				71CBD913273A90BE00B4C175 /* ivy_sdk.docc */,
			);
			path = "ivy-sdk";
			sourceTree = "<group>";
		};
		95C681CDCBB3BE42BDD4E8F0 /* Pods */ = {
			isa = PBXGroup;
			children = (
				446CD8452E1BF8E012017169 /* Pods-ivy-sdk.debug.xcconfig */,
				E83DE2D6FF2AE928D6617BCC /* Pods-ivy-sdk.release.xcconfig */,
			);
			path = Pods;
			sourceTree = "<group>";
		};
		ECE8BBF93FBE00C4C18639F7 /* Frameworks */ = {
			isa = PBXGroup;
			children = (
				1385A0E2F31C604DD0BFB59A /* Pods_ivy_sdk.framework */,
			);
			name = Frameworks;
			sourceTree = "<group>";
		};
/* End PBXGroup section */

/* Begin PBXHeadersBuildPhase section */
		71CBD90A273A90BE00B4C175 /* Headers */ = {
			isa = PBXHeadersBuildPhase;
			buildActionMask = 2147483647;
			files = (
				71CBD915273A90BE00B4C175 /* ivy_sdk.h in Headers */,
			);
			runOnlyForDeploymentPostprocessing = 0;
		};
/* End PBXHeadersBuildPhase section */

/* Begin PBXNativeTarget section */
		71CBD90E273A90BE00B4C175 /* ivy-sdk */ = {
			isa = PBXNativeTarget;
			buildConfigurationList = 71CBD918273A90BE00B4C175 /* Build configuration list for PBXNativeTarget "ivy-sdk" */;
			buildPhases = (
				3BBBB605891E2AEEDAB7F93A /* [CP] Check Pods Manifest.lock */,
				71CBD90A273A90BE00B4C175 /* Headers */,
				71CBD90B273A90BE00B4C175 /* Sources */,
				71CBD90C273A90BE00B4C175 /* Frameworks */,
				71CBD90D273A90BE00B4C175 /* Resources */,
				7113BDE6274E51A50031D2E4 /* ShellScript */,
				7113BE28274E5E3A0031D2E4 /* Embed Frameworks */,
			);
			buildRules = (
			);
			dependencies = (
			);
			name = "ivy-sdk";
			productName = "ivy-sdk";
			productReference = 71CBD90F273A90BE00B4C175 /* Plum.framework */;
			productType = "com.apple.product-type.framework";
		};
/* End PBXNativeTarget section */

/* Begin PBXProject section */
		71CBD906273A90BE00B4C175 /* Project object */ = {
			isa = PBXProject;
			attributes = {
				BuildIndependentTargetsInParallel = 1;
				LastUpgradeCheck = 1300;
				TargetAttributes = {
					71CBD90E273A90BE00B4C175 = {
						CreatedOnToolsVersion = 13.0;
					};
				};
			};
			buildConfigurationList = 71CBD909273A90BE00B4C175 /* Build configuration list for PBXProject "ivy-sdk" */;
			compatibilityVersion = "Xcode 13.0";
			developmentRegion = en;
			hasScannedForEncodings = 0;
			knownRegions = (
				en,
				Base,
			);
			mainGroup = 71CBD905273A90BE00B4C175;
			productRefGroup = 71CBD910273A90BE00B4C175 /* Products */;
			projectDirPath = "";
			projectRoot = "";
			targets = (
				71CBD90E273A90BE00B4C175 /* ivy-sdk */,
			);
		};
/* End PBXProject section */

/* Begin PBXResourcesBuildPhase section */
		71CBD90D273A90BE00B4C175 /* Resources */ = {
			isa = PBXResourcesBuildPhase;
			buildActionMask = 2147483647;
			files = (
			);
			runOnlyForDeploymentPostprocessing = 0;
		};
/* End PBXResourcesBuildPhase section */

/* Begin PBXShellScriptBuildPhase section */
		3BBBB605891E2AEEDAB7F93A /* [CP] Check Pods Manifest.lock */ = {
			isa = PBXShellScriptBuildPhase;
			buildActionMask = 2147483647;
			files = (
			);
			inputFileListPaths = (
			);
			inputPaths = (
				"${PODS_PODFILE_DIR_PATH}/Podfile.lock",
				"${PODS_ROOT}/Manifest.lock",
			);
			name = "[CP] Check Pods Manifest.lock";
			outputFileListPaths = (
			);
			outputPaths = (
				"$(DERIVED_FILE_DIR)/Pods-ivy-sdk-checkManifestLockResult.txt",
			);
			runOnlyForDeploymentPostprocessing = 0;
			shellPath = /bin/sh;
			shellScript = "diff \"${PODS_PODFILE_DIR_PATH}/Podfile.lock\" \"${PODS_ROOT}/Manifest.lock\" > /dev/null\nif [ $? != 0 ] ; then\n    # print error to STDERR\n    echo \"error: The sandbox is not in sync with the Podfile.lock. Run 'pod install' or update your CocoaPods installation.\" >&2\n    exit 1\nfi\n# This output is used by Xcode 'outputs' to avoid re-running this script phase.\necho \"SUCCESS\" > \"${SCRIPT_OUTPUT_FILE_0}\"\n";
			showEnvVarsInLog = 0;
		};
		7113BDE6274E51A50031D2E4 /* ShellScript */ = {
			isa = PBXShellScriptBuildPhase;
			buildActionMask = 2147483647;
			files = (
			);
			inputFileListPaths = (
			);
			inputPaths = (
			);
			outputFileListPaths = (
			);
			outputPaths = (
			);
			runOnlyForDeploymentPostprocessing = 0;
			shellPath = /bin/sh;
			shellScript = "
";
		};
/* End PBXShellScriptBuildPhase section */

/* Begin PBXSourcesBuildPhase section */
		71CBD90B273A90BE00B4C175 /* Sources */ = {
			isa = PBXSourcesBuildPhase;
			buildActionMask = 2147483647;
			files = (
				717D3273273ABBFA006E880E /* hapticFile.swift in Sources */,
				71BE9E2E274F91B100A1ECA8 /* DebugLogger.swift in Sources */,
				71CBD914273A90BE00B4C175 /* ivy_sdk.docc in Sources */,
				71C27D7B274D3095003B9F02 /* StringExtension.swift in Sources */,
				717D32A6273D1283006E880E /* Authentication.swift in Sources */,
				71BE9E24274F808B00A1ECA8 /* Registration.swift in Sources */,
				71C65063274E1A420036B3B4 /* SDKConstants.swift in Sources */,
				71518D08274E7C1000B2C467 /* Protocols.swift in Sources */,
				71C27D78274D2FAC003B9F02 /* ApiResource.swift in Sources */,
				71BE9E2C274F8B0700A1ECA8 /* RegistrationBuilder.swift in Sources */,
				71C65065274E1A750036B3B4 /* URLConstants.swift in Sources */,
				71BE9E21274F802500A1ECA8 /* OnboardingResource.swift in Sources */,
				71C65061274E11B10036B3B4 /* SDKVariables.swift in Sources */,
				71C27D74274D0D28003B9F02 /* AuthenticationResource.swift in Sources */,
			);
			runOnlyForDeploymentPostprocessing = 0;
		};
/* End PBXSourcesBuildPhase section */

/* Begin XCBuildConfiguration section */
		71CBD916273A90BE00B4C175 /* Debug */ = {
			isa = XCBuildConfiguration;
			buildSettings = {
				ALWAYS_SEARCH_USER_PATHS = NO;
				CLANG_ANALYZER_NONNULL = YES;
				CLANG_ANALYZER_NUMBER_OBJECT_CONVERSION = YES_AGGRESSIVE;
				CLANG_CXX_LANGUAGE_STANDARD = "gnu++17";
				CLANG_CXX_LIBRARY = "libc++";
				CLANG_ENABLE_MODULES = YES;
				CLANG_ENABLE_OBJC_ARC = YES;
				CLANG_ENABLE_OBJC_WEAK = YES;
				CLANG_WARN_BLOCK_CAPTURE_AUTORELEASING = YES;
				CLANG_WARN_BOOL_CONVERSION = YES;
				CLANG_WARN_COMMA = YES;
				CLANG_WARN_CONSTANT_CONVERSION = YES;
				CLANG_WARN_DEPRECATED_OBJC_IMPLEMENTATIONS = YES;
				CLANG_WARN_DIRECT_OBJC_ISA_USAGE = YES_ERROR;
				CLANG_WARN_DOCUMENTATION_COMMENTS = YES;
				CLANG_WARN_EMPTY_BODY = YES;
				CLANG_WARN_ENUM_CONVERSION = YES;
				CLANG_WARN_INFINITE_RECURSION = YES;
				CLANG_WARN_INT_CONVERSION = YES;
				CLANG_WARN_NON_LITERAL_NULL_CONVERSION = YES;
				CLANG_WARN_OBJC_IMPLICIT_RETAIN_SELF = YES;
				CLANG_WARN_OBJC_LITERAL_CONVERSION = YES;
				CLANG_WARN_OBJC_ROOT_CLASS = YES_ERROR;
				CLANG_WARN_QUOTED_INCLUDE_IN_FRAMEWORK_HEADER = YES;
				CLANG_WARN_RANGE_LOOP_ANALYSIS = YES;
				CLANG_WARN_STRICT_PROTOTYPES = YES;
				CLANG_WARN_SUSPICIOUS_MOVE = YES;
				CLANG_WARN_UNGUARDED_AVAILABILITY = YES_AGGRESSIVE;
				CLANG_WARN_UNREACHABLE_CODE = YES;
				CLANG_WARN__DUPLICATE_METHOD_MATCH = YES;
				COPY_PHASE_STRIP = NO;
				CURRENT_PROJECT_VERSION = 1;
				DEBUG_INFORMATION_FORMAT = dwarf;
				ENABLE_STRICT_OBJC_MSGSEND = YES;
				ENABLE_TESTABILITY = YES;
				GCC_C_LANGUAGE_STANDARD = gnu11;
				GCC_DYNAMIC_NO_PIC = NO;
				GCC_NO_COMMON_BLOCKS = YES;
				GCC_OPTIMIZATION_LEVEL = 0;
				GCC_PREPROCESSOR_DEFINITIONS = (
					"DEBUG=1",
					"$(inherited)",
				);
				GCC_WARN_64_TO_32_BIT_CONVERSION = YES;
				GCC_WARN_ABOUT_RETURN_TYPE = YES_ERROR;
				GCC_WARN_UNDECLARED_SELECTOR = YES;
				GCC_WARN_UNINITIALIZED_AUTOS = YES_AGGRESSIVE;
				GCC_WARN_UNUSED_FUNCTION = YES;
				GCC_WARN_UNUSED_VARIABLE = YES;
				IPHONEOS_DEPLOYMENT_TARGET = 15.0;
				MTL_ENABLE_DEBUG_INFO = INCLUDE_SOURCE;
				MTL_FAST_MATH = YES;
				ONLY_ACTIVE_ARCH = YES;
				SDKROOT = iphoneos;
				SWIFT_ACTIVE_COMPILATION_CONDITIONS = DEBUG;
				SWIFT_OPTIMIZATION_LEVEL = "-Onone";
				VERSIONING_SYSTEM = "apple-generic";
				VERSION_INFO_PREFIX = "";
			};
			name = Debug;
		};
		71CBD917273A90BE00B4C175 /* Release */ = {
			isa = XCBuildConfiguration;
			buildSettings = {
				ALWAYS_SEARCH_USER_PATHS = NO;
				CLANG_ANALYZER_NONNULL = YES;
				CLANG_ANALYZER_NUMBER_OBJECT_CONVERSION = YES_AGGRESSIVE;
				CLANG_CXX_LANGUAGE_STANDARD = "gnu++17";
				CLANG_CXX_LIBRARY = "libc++";
				CLANG_ENABLE_MODULES = YES;
				CLANG_ENABLE_OBJC_ARC = YES;
				CLANG_ENABLE_OBJC_WEAK = YES;
				CLANG_WARN_BLOCK_CAPTURE_AUTORELEASING = YES;
				CLANG_WARN_BOOL_CONVERSION = YES;
				CLANG_WARN_COMMA = YES;
				CLANG_WARN_CONSTANT_CONVERSION = YES;
				CLANG_WARN_DEPRECATED_OBJC_IMPLEMENTATIONS = YES;
				CLANG_WARN_DIRECT_OBJC_ISA_USAGE = YES_ERROR;
				CLANG_WARN_DOCUMENTATION_COMMENTS = YES;
				CLANG_WARN_EMPTY_BODY = YES;
				CLANG_WARN_ENUM_CONVERSION = YES;
				CLANG_WARN_INFINITE_RECURSION = YES;
				CLANG_WARN_INT_CONVERSION = YES;
				CLANG_WARN_NON_LITERAL_NULL_CONVERSION = YES;
				CLANG_WARN_OBJC_IMPLICIT_RETAIN_SELF = YES;
				CLANG_WARN_OBJC_LITERAL_CONVERSION = YES;
				CLANG_WARN_OBJC_ROOT_CLASS = YES_ERROR;
				CLANG_WARN_QUOTED_INCLUDE_IN_FRAMEWORK_HEADER = YES;
				CLANG_WARN_RANGE_LOOP_ANALYSIS = YES;
				CLANG_WARN_STRICT_PROTOTYPES = YES;
				CLANG_WARN_SUSPICIOUS_MOVE = YES;
				CLANG_WARN_UNGUARDED_AVAILABILITY = YES_AGGRESSIVE;
				CLANG_WARN_UNREACHABLE_CODE = YES;
				CLANG_WARN__DUPLICATE_METHOD_MATCH = YES;
				COPY_PHASE_STRIP = NO;
				CURRENT_PROJECT_VERSION = 1;
				DEBUG_INFORMATION_FORMAT = "dwarf-with-dsym";
				ENABLE_NS_ASSERTIONS = NO;
				ENABLE_STRICT_OBJC_MSGSEND = YES;
				GCC_C_LANGUAGE_STANDARD = gnu11;
				GCC_NO_COMMON_BLOCKS = YES;
				GCC_WARN_64_TO_32_BIT_CONVERSION = YES;
				GCC_WARN_ABOUT_RETURN_TYPE = YES_ERROR;
				GCC_WARN_UNDECLARED_SELECTOR = YES;
				GCC_WARN_UNINITIALIZED_AUTOS = YES_AGGRESSIVE;
				GCC_WARN_UNUSED_FUNCTION = YES;
				GCC_WARN_UNUSED_VARIABLE = YES;
				IPHONEOS_DEPLOYMENT_TARGET = 15.0;
				MTL_ENABLE_DEBUG_INFO = NO;
				MTL_FAST_MATH = YES;
				SDKROOT = iphoneos;
				SWIFT_COMPILATION_MODE = wholemodule;
				SWIFT_OPTIMIZATION_LEVEL = "-O";
				VALIDATE_PRODUCT = YES;
				VERSIONING_SYSTEM = "apple-generic";
				VERSION_INFO_PREFIX = "";
			};
			name = Release;
		};
		71CBD919273A90BE00B4C175 /* Debug */ = {
			isa = XCBuildConfiguration;
			baseConfigurationReference = 446CD8452E1BF8E012017169 /* Pods-ivy-sdk.debug.xcconfig */;
			buildSettings = {
				BUILD_LIBRARY_FOR_DISTRIBUTION = YES;
				CODE_SIGN_STYLE = Automatic;
				CURRENT_PROJECT_VERSION = 1;
				DEFINES_MODULE = YES;
				DEVELOPMENT_TEAM = DAY6U6EXRF;
				DYLIB_COMPATIBILITY_VERSION = 1;
				DYLIB_CURRENT_VERSION = 1;
				DYLIB_INSTALL_NAME_BASE = "@rpath";
				FRAMEWORK_SEARCH_PATHS = (
					"$(inherited)",
					"$(PROJECT_DIR)",
				);
				GENERATE_INFOPLIST_FILE = YES;
				INFOPLIST_KEY_NSHumanReadableCopyright = "";
				INSTALL_PATH = "$(LOCAL_LIBRARY_DIR)/Frameworks";
				LD_RUNPATH_SEARCH_PATHS = (
					"$(inherited)",
					"@executable_path/Frameworks",
					"@loader_path/Frameworks",
				);
				MARKETING_VERSION = 1.0.2;
				PRODUCT_BUNDLE_IDENTIFIER = "com.psp.ivy-sdk";
				PRODUCT_NAME = Plum;
				SKIP_INSTALL = YES;
				SUPPORTS_MACCATALYST = NO;
				SWIFT_EMIT_LOC_STRINGS = YES;
				SWIFT_VERSION = 5.0;
				TARGETED_DEVICE_FAMILY = "1,2";
			};
			name = Debug;
		};
		71CBD91A273A90BE00B4C175 /* Release */ = {
			isa = XCBuildConfiguration;
			baseConfigurationReference = E83DE2D6FF2AE928D6617BCC /* Pods-ivy-sdk.release.xcconfig */;
			buildSettings = {
				BUILD_LIBRARY_FOR_DISTRIBUTION = YES;
				CODE_SIGN_STYLE = Automatic;
				CURRENT_PROJECT_VERSION = 1;
				DEFINES_MODULE = YES;
				DEVELOPMENT_TEAM = DAY6U6EXRF;
				DYLIB_COMPATIBILITY_VERSION = 1;
				DYLIB_CURRENT_VERSION = 1;
				DYLIB_INSTALL_NAME_BASE = "@rpath";
				FRAMEWORK_SEARCH_PATHS = (
					"$(inherited)",
					"$(PROJECT_DIR)",
				);
				GENERATE_INFOPLIST_FILE = YES;
				INFOPLIST_KEY_NSHumanReadableCopyright = "";
				INSTALL_PATH = "$(LOCAL_LIBRARY_DIR)/Frameworks";
				LD_RUNPATH_SEARCH_PATHS = (
					"$(inherited)",
					"@executable_path/Frameworks",
					"@loader_path/Frameworks",
				);
				MARKETING_VERSION = 1.0.2;
				PRODUCT_BUNDLE_IDENTIFIER = "com.psp.ivy-sdk";
				PRODUCT_NAME = Plum;
				SKIP_INSTALL = YES;
				SUPPORTS_MACCATALYST = NO;
				SWIFT_EMIT_LOC_STRINGS = YES;
				SWIFT_VERSION = 5.0;
				TARGETED_DEVICE_FAMILY = "1,2";
			};
			name = Release;
		};
/* End XCBuildConfiguration section */

/* Begin XCConfigurationList section */
		71CBD909273A90BE00B4C175 /* Build configuration list for PBXProject "ivy-sdk" */ = {
			isa = XCConfigurationList;
			buildConfigurations = (
				71CBD916273A90BE00B4C175 /* Debug */,
				71CBD917273A90BE00B4C175 /* Release */,
			);
			defaultConfigurationIsVisible = 0;
			defaultConfigurationName = Release;
		};
		71CBD918273A90BE00B4C175 /* Build configuration list for PBXNativeTarget "ivy-sdk" */ = {
			isa = XCConfigurationList;
			buildConfigurations = (
				71CBD919273A90BE00B4C175 /* Debug */,
				71CBD91A273A90BE00B4C175 /* Release */,
			);
			defaultConfigurationIsVisible = 0;
			defaultConfigurationName = Release;
		};
/* End XCConfigurationList section */
	};
	rootObject = 71CBD906273A90BE00B4C175 /* Project object */;
}
